
Microsoft Visual Studio Solution File, Format Version 12.00
# Visual Studio Version 16
VisualStudioVersion = 16.0.31321.278
MinimumVisualStudioVersion = 10.0.40219.1
Project("{FAE04EC0-301F-11D3-BF4B-00C04F79EFBC}") = "ParrotHelper", "ParrotHelper\ParrotHelper.csproj", "{844939EE-147F-4360-BD03-BB6E399B3053}"
EndProject
Project("{2150E333-8FDC-42A3-9474-1A3956D46DE8}") = "Solution Items", "Solution Items", "{535E8D0E-9B76-4B89-B2DD-ACCF1AEF70CB}"
	ProjectSection(SolutionItems) = preProject
		.editorconfig = .editorconfig
		ParrotHelper\Graphics\ParrotHelper\ParrotHelperSprites.xml = ParrotHelper\Graphics\ParrotHelper\ParrotHelperSprites.xml
	EndProjectSection
EndProject
Global
	GlobalSection(SolutionConfigurationPlatforms) = preSolution
		Debug|Any CPU = Debug|Any CPU
		Release|Any CPU = Release|Any CPU
	EndGlobalSection
	GlobalSection(ProjectConfigurationPlatforms) = postSolution
		{844939EE-147F-4360-BD03-BB6E399B3053}.Debug|Any CPU.ActiveCfg = Debug|Any CPU
		{844939EE-147F-4360-BD03-BB6E399B3053}.Debug|Any CPU.Build.0 = Debug|Any CPU
		{844939EE-147F-4360-BD03-BB6E399B3053}.Release|Any CPU.ActiveCfg = Release|Any CPU
		{844939EE-147F-4360-BD03-BB6E399B3053}.Release|Any CPU.Build.0 = Release|Any CPU
	EndGlobalSection
	GlobalSection(SolutionProperties) = preSolution
		HideSolutionNode = FALSE
	EndGlobalSection
	GlobalSection(ExtensibilityGlobals) = postSolution
		SolutionGuid = {527480F0-8A80-4048-90D4-5B0BFA9D68A5}
	EndGlobalSection
EndGlobal
